
Microsoft Visual Studio Solution File, Format Version 12.00
# Visual Studio 2015
Project("{FAE04EC0-301F-11D3-BF4B-00C04F79EFBC}") = "ArtificialJamDec2016.CSharp", "ArtificialJamDec2016.CSharp.csproj", "{C4DECB6C-CAEA-AA28-7728-F8B77F0F7620}"
EndProject
Project("{FAE04EC0-301F-11D3-BF4B-00C04F79EFBC}") = "ArtificialJamDec2016.CSharp.Editor", "ArtificialJamDec2016.CSharp.Editor.csproj", "{D860ECF6-3DCD-20ED-4BC6-0F6FD2EB7C44}"
EndProject
Global
	GlobalSection(SolutionConfigurationPlatforms) = preSolution
		Debug|Any CPU = Debug|Any CPU
		Release|Any CPU = Release|Any CPU
	EndGlobalSection
	GlobalSection(ProjectConfigurationPlatforms) = postSolution
		{C4DECB6C-CAEA-AA28-7728-F8B77F0F7620}.Debug|Any CPU.ActiveCfg = Debug|Any CPU
		{C4DECB6C-CAEA-AA28-7728-F8B77F0F7620}.Debug|Any CPU.Build.0 = Debug|Any CPU
		{C4DECB6C-CAEA-AA28-7728-F8B77F0F7620}.Release|Any CPU.ActiveCfg = Release|Any CPU
		{C4DECB6C-CAEA-AA28-7728-F8B77F0F7620}.Release|Any CPU.Build.0 = Release|Any CPU
		{D860ECF6-3DCD-20ED-4BC6-0F6FD2EB7C44}.Debug|Any CPU.ActiveCfg = Debug|Any CPU
		{D860ECF6-3DCD-20ED-4BC6-0F6FD2EB7C44}.Debug|Any CPU.Build.0 = Debug|Any CPU
		{D860ECF6-3DCD-20ED-4BC6-0F6FD2EB7C44}.Release|Any CPU.ActiveCfg = Release|Any CPU
		{D860ECF6-3DCD-20ED-4BC6-0F6FD2EB7C44}.Release|Any CPU.Build.0 = Release|Any CPU
	EndGlobalSection
	GlobalSection(SolutionProperties) = preSolution
		HideSolutionNode = FALSE
	EndGlobalSection
EndGlobal
